{
  "name": "point-partitioner",
  "version": "1.0.2",
  "lockfileVersion": 1,
  "requires": true,
  "dependencies": {
    "@turf/clone": {
      "version": "6.0.2",
      "resolved": "https://registry.npmjs.org/@turf/clone/-/clone-6.0.2.tgz",
      "integrity": "sha512-UVpYPnW3wRj3bPncR6Z2PRbowBk+nEdVWgGewPxrKKLfvswtVtG9n/OIyvbU3E3ZOadBVxTH2uAMEMOz4800FA==",
      "requires": {
        "@turf/helpers": "6.x"
      }
    },
    "@turf/clusters-kmeans": {
      "version": "6.0.1",
      "resolved": "https://registry.npmjs.org/@turf/clusters-kmeans/-/clusters-kmeans-6.0.1.tgz",
      "integrity": "sha512-9btpxP5qZhIveOZHEEmFVVQSY10azPK2A5ZTGEbyjRxeaJkG4olZCiQyCUFZHEktLUCqvw16SekKfXanQCey0w==",
      "requires": {
        "@turf/clone": "6.x",
        "@turf/helpers": "6.x",
        "@turf/invariant": "6.x",
        "@turf/meta": "6.x",
        "skmeans": "0.9.7"
      }
    },
    "@turf/helpers": {
      "version": "6.1.4",
      "resolved": "https://registry.npmjs.org/@turf/helpers/-/helpers-6.1.4.tgz",
      "integrity": "sha512-vJvrdOZy1ngC7r3MDA7zIGSoIgyrkWcGnNIEaqn/APmw+bVLF2gAW7HIsdTxd12s5wQMqEpqIQrmrbRRZ0xC7g=="
    },
    "@turf/invariant": {
      "version": "6.1.2",
      "resolved": "https://registry.npmjs.org/@turf/invariant/-/invariant-6.1.2.tgz",
      "integrity": "sha512-WU08Ph8j0J2jVGlQCKChXoCtI50BB3yEH21V++V0T4cR1T27HKCxkehV2sYMwTierfMBgjwSwDIsxnR4/2mWXg==",
      "requires": {
        "@turf/helpers": "6.x"
      }
    },
    "@turf/meta": {
      "version": "6.0.2",
      "resolved": "https://registry.npmjs.org/@turf/meta/-/meta-6.0.2.tgz",
      "integrity": "sha512-VA7HJkx7qF1l3+GNGkDVn2oXy4+QoLP6LktXAaZKjuT1JI0YESat7quUkbCMy4zP9lAUuvS4YMslLyTtr919FA==",
      "requires": {
        "@turf/helpers": "6.x"
      }
    },
    "geojson-bounding-volume": {
      "version": "0.2.2",
      "resolved": "https://registry.npmjs.org/geojson-bounding-volume/-/geojson-bounding-volume-0.2.2.tgz",
      "integrity": "sha1-8ci4B06tdGlPDVg9kGni8y5Phrs="
    },
    "nontree": {
      "version": "0.4.1",
      "resolved": "https://registry.npmjs.org/nontree/-/nontree-0.4.1.tgz",
      "integrity": "sha1-r7+lByopU4UitwCDsdg4SisvGRk=",
      "requires": {
        "geojson-bounding-volume": "^0.2.2"
      }
    },
    "skmeans": {
      "version": "0.9.7",
      "resolved": "https://registry.npmjs.org/skmeans/-/skmeans-0.9.7.tgz",
      "integrity": "sha512-hNj1/oZ7ygsfmPZ7ZfN5MUBRoGg1gtpnImuJBgLO0ljQ67DtJuiQaiYdS4lUA6s0KCwnPhGivtC/WRwIZLkHyg=="
    }
  }
}
